
Microsoft Visual Studio Solution File, Format Version 12.00
# Visual Studio Version 17
VisualStudioVersion = 17.11.35327.3
MinimumVisualStudioVersion = 10.0.40219.1
Project("{FAE04EC0-301F-11D3-BF4B-00C04F79EFBC}") = "KarnsBranch", "KarnsBranch.csproj", "{F5B74A18-7CF7-4899-92DC-3D4DC05AA4F9}"
EndProject
Global
	GlobalSection(SolutionConfigurationPlatforms) = preSolution
		Debug|Any CPU = Debug|Any CPU
		Release|Any CPU = Release|Any CPU
	EndGlobalSection
	GlobalSection(ProjectConfigurationPlatforms) = postSolution
		{F5B74A18-7CF7-4899-92DC-3D4DC05AA4F9}.Debug|Any CPU.ActiveCfg = Debug|Any CPU
		{F5B74A18-7CF7-4899-92DC-3D4DC05AA4F9}.Debug|Any CPU.Build.0 = Debug|Any CPU
		{F5B74A18-7CF7-4899-92DC-3D4DC05AA4F9}.Release|Any CPU.ActiveCfg = Release|Any CPU
		{F5B74A18-7CF7-4899-92DC-3D4DC05AA4F9}.Release|Any CPU.Build.0 = Release|Any CPU
	EndGlobalSection
	GlobalSection(SolutionProperties) = preSolution
		HideSolutionNode = FALSE
	EndGlobalSection
	GlobalSection(ExtensibilityGlobals) = postSolution
		SolutionGuid = {453A61A1-D60E-4D29-9F32-8A93489C0E2A}
	EndGlobalSection
EndGlobal
