
Microsoft Visual Studio Solution File, Format Version 12.00
# Visual Studio Version 17
VisualStudioVersion = 17.13.35931.197 d17.13
MinimumVisualStudioVersion = 10.0.40219.1
Project("{FAE04EC0-301F-11D3-BF4B-00C04F79EFBC}") = "BranchA", "BranchA.csproj", "{BBC29863-B3D9-4F51-BD1D-636C51F3C7A9}"
EndProject
Global
	GlobalSection(SolutionConfigurationPlatforms) = preSolution
		Debug|Any CPU = Debug|Any CPU
		Release|Any CPU = Release|Any CPU
	EndGlobalSection
	GlobalSection(ProjectConfigurationPlatforms) = postSolution
		{BBC29863-B3D9-4F51-BD1D-636C51F3C7A9}.Debug|Any CPU.ActiveCfg = Debug|Any CPU
		{BBC29863-B3D9-4F51-BD1D-636C51F3C7A9}.Debug|Any CPU.Build.0 = Debug|Any CPU
		{BBC29863-B3D9-4F51-BD1D-636C51F3C7A9}.Release|Any CPU.ActiveCfg = Release|Any CPU
		{BBC29863-B3D9-4F51-BD1D-636C51F3C7A9}.Release|Any CPU.Build.0 = Release|Any CPU
	EndGlobalSection
	GlobalSection(SolutionProperties) = preSolution
		HideSolutionNode = FALSE
	EndGlobalSection
	GlobalSection(ExtensibilityGlobals) = postSolution
		SolutionGuid = {4DE68430-0ECD-4BF1-B6E1-345DEC0C46AC}
	EndGlobalSection
EndGlobal
